
Microsoft Visual Studio Solution File, Format Version 12.00
Project("{2150E333-8FDC-42A3-9474-1A3956D46DE8}") = "src", "src", "{91A1DFEF-4012-459C-B384-3A6C8F8EEA83}"
EndProject
Project("{FAE04EC0-301F-11D3-BF4B-00C04F79EFBC}") = "CrowdParlay.Users.Api", "src\CrowdParlay.Users.Api\CrowdParlay.Users.Api.csproj", "{1513B10F-B191-49A3-BDA4-A0F17AE2518F}"
EndProject
Project("{FAE04EC0-301F-11D3-BF4B-00C04F79EFBC}") = "CrowdParlay.Users.Application", "src\CrowdParlay.Users.Application\CrowdParlay.Users.Application.csproj", "{0D00F363-8010-4FE8-BB57-57A40AB21B15}"
EndProject
Project("{FAE04EC0-301F-11D3-BF4B-00C04F79EFBC}") = "CrowdParlay.Users.Infrastructure", "src\CrowdParlay.Users.Infrastructure\CrowdParlay.Users.Infrastructure.csproj", "{5655A9D6-5093-4EBD-9398-DBD23A6C6A7D}"
EndProject
Project("{FAE04EC0-301F-11D3-BF4B-00C04F79EFBC}") = "CrowdParlay.Users.Domain", "src\CrowdParlay.Users.Domain\CrowdParlay.Users.Domain.csproj", "{726B5107-1813-4548-B787-93A814E51383}"
EndProject
Global
	GlobalSection(SolutionConfigurationPlatforms) = preSolution
		Debug|Any CPU = Debug|Any CPU
		Release|Any CPU = Release|Any CPU
	EndGlobalSection
	GlobalSection(NestedProjects) = preSolution
		{1513B10F-B191-49A3-BDA4-A0F17AE2518F} = {91A1DFEF-4012-459C-B384-3A6C8F8EEA83}
		{0D00F363-8010-4FE8-BB57-57A40AB21B15} = {91A1DFEF-4012-459C-B384-3A6C8F8EEA83}
		{5655A9D6-5093-4EBD-9398-DBD23A6C6A7D} = {91A1DFEF-4012-459C-B384-3A6C8F8EEA83}
		{726B5107-1813-4548-B787-93A814E51383} = {91A1DFEF-4012-459C-B384-3A6C8F8EEA83}
	EndGlobalSection
	GlobalSection(ProjectConfigurationPlatforms) = postSolution
		{1513B10F-B191-49A3-BDA4-A0F17AE2518F}.Debug|Any CPU.ActiveCfg = Debug|Any CPU
		{1513B10F-B191-49A3-BDA4-A0F17AE2518F}.Debug|Any CPU.Build.0 = Debug|Any CPU
		{1513B10F-B191-49A3-BDA4-A0F17AE2518F}.Release|Any CPU.ActiveCfg = Release|Any CPU
		{1513B10F-B191-49A3-BDA4-A0F17AE2518F}.Release|Any CPU.Build.0 = Release|Any CPU
		{0D00F363-8010-4FE8-BB57-57A40AB21B15}.Debug|Any CPU.ActiveCfg = Debug|Any CPU
		{0D00F363-8010-4FE8-BB57-57A40AB21B15}.Debug|Any CPU.Build.0 = Debug|Any CPU
		{0D00F363-8010-4FE8-BB57-57A40AB21B15}.Release|Any CPU.ActiveCfg = Release|Any CPU
		{0D00F363-8010-4FE8-BB57-57A40AB21B15}.Release|Any CPU.Build.0 = Release|Any CPU
		{5655A9D6-5093-4EBD-9398-DBD23A6C6A7D}.Debug|Any CPU.ActiveCfg = Debug|Any CPU
		{5655A9D6-5093-4EBD-9398-DBD23A6C6A7D}.Debug|Any CPU.Build.0 = Debug|Any CPU
		{5655A9D6-5093-4EBD-9398-DBD23A6C6A7D}.Release|Any CPU.ActiveCfg = Release|Any CPU
		{5655A9D6-5093-4EBD-9398-DBD23A6C6A7D}.Release|Any CPU.Build.0 = Release|Any CPU
		{726B5107-1813-4548-B787-93A814E51383}.Debug|Any CPU.ActiveCfg = Debug|Any CPU
		{726B5107-1813-4548-B787-93A814E51383}.Debug|Any CPU.Build.0 = Debug|Any CPU
		{726B5107-1813-4548-B787-93A814E51383}.Release|Any CPU.ActiveCfg = Release|Any CPU
		{726B5107-1813-4548-B787-93A814E51383}.Release|Any CPU.Build.0 = Release|Any CPU
	EndGlobalSection
EndGlobal
